// !$*UTF8*$!
{
	archiveVersion = 1;
	classes = {
	};
	objectVersion = 77;
	objects = {

/* Begin PBXBuildFile section */
		A900E2A33078DEEC0009B069 /* WidgetKit.framework in Frameworks */ = {isa = PBXBuildFile; fileRef = A900E2A23078DEEC0009B069 /* WidgetKit.framework */; };
		A900E2A53078DEEC0009B069 /* SwiftUI.framework in Frameworks */ = {isa = PBXBuildFile; fileRef = A900E2A43078DEEC0009B069 /* SwiftUI.framework */; };
		A900E2B03078DEED0009B069 /* PlantAppWidgetExtension.appex in Embed Foundation Extensions */ = {isa = PBXBuildFile; fileRef = A900E2A03078DEEC0009B069 /* PlantAppWidgetExtension.appex */; settings = {ATTRIBUTES = (RemoveHeadersOnCopy, ); }; };
		A900E2D23078EC6B0009B069 /* PlantAppShare.appex in Embed Foundation Extensions */ = {isa = PBXBuildFile; fileRef = A900E2C83078EC6A0009B069 /* PlantAppShare.appex */; settings = {ATTRIBUTES = (RemoveHeadersOnCopy, ); }; };
/* End PBXBuildFile section */

/* Begin PBXContainerItemProxy section */
		A900E1CB307602DB0009B069 /* PBXContainerItemProxy */ = {
			isa = PBXContainerItemProxy;
			containerPortal = A900E1B5307602D90009B069 /* Project object */;
			proxyType = 1;
			remoteGlobalIDString = A900E1BC307602DA0009B069;
			remoteInfo = PlantApp;
		};
		A900E1D5307602DB0009B069 /* PBXContainerItemProxy */ = {
			isa = PBXContainerItemProxy;
			containerPortal = A900E1B5307602D90009B069 /* Project object */;
			proxyType = 1;
			remoteGlobalIDString = A900E1BC307602DA0009B069;
			remoteInfo = PlantApp;
		};
		A900E2AE3078DEED0009B069 /* PBXContainerItemProxy */ = {
			isa = PBXContainerItemProxy;
			containerPortal = A900E1B5307602D90009B069 /* Project object */;
			proxyType = 1;
			remoteGlobalIDString = A900E29F3078DEEC0009B069;
			remoteInfo = PlantAppWidgetExtension;
		};
		A900E2D03078EC6B0009B069 /* PBXContainerItemProxy */ = {
			isa = PBXContainerItemProxy;
			containerPortal = A900E1B5307602D90009B069 /* Project object */;
			proxyType = 1;
			remoteGlobalIDString = A900E2C73078EC6A0009B069;
			remoteInfo = PlantAppShare;
		};
/* End PBXContainerItemProxy section */

/* Begin PBXCopyFilesBuildPhase section */
		A900E2B53078DEED0009B069 /* Embed Foundation Extensions */ = {
			isa = PBXCopyFilesBuildPhase;
			buildActionMask = 2147483647;
			dstPath = "";
			dstSubfolderSpec = 13;
			files = (
				A900E2D23078EC6B0009B069 /* PlantAppShare.appex in Embed Foundation Extensions */,
				A900E2B03078DEED0009B069 /* PlantAppWidgetExtension.appex in Embed Foundation Extensions */,
			);
			name = "Embed Foundation Extensions";
			runOnlyForDeploymentPostprocessing = 0;
		};
/* End PBXCopyFilesBuildPhase section */

/* Begin PBXFileReference section */
		A900E1BD307602DA0009B069 /* PlantApp.app */ = {isa = PBXFileReference; explicitFileType = wrapper.application; includeInIndex = 0; path = PlantApp.app; sourceTree = BUILT_PRODUCTS_DIR; };
		A900E1CA307602DB0009B069 /* PlantAppTests.xctest */ = {isa = PBXFileReference; explicitFileType = wrapper.cfbundle; includeInIndex = 0; path = PlantAppTests.xctest; sourceTree = BUILT_PRODUCTS_DIR; };
		A900E1D4307602DB0009B069 /* PlantAppUITests.xctest */ = {isa = PBXFileReference; explicitFileType = wrapper.cfbundle; includeInIndex = 0; path = PlantAppUITests.xctest; sourceTree = BUILT_PRODUCTS_DIR; };
		A900E2A03078DEEC0009B069 /* PlantAppWidgetExtension.appex */ = {isa = PBXFileReference; explicitFileType = "wrapper.app-extension"; includeInIndex = 0; path = PlantAppWidgetExtension.appex; sourceTree = BUILT_PRODUCTS_DIR; };
		A900E2A23078DEEC0009B069 /* WidgetKit.framework */ = {isa = PBXFileReference; lastKnownFileType = wrapper.framework; name = WidgetKit.framework; path = System/Library/Frameworks/WidgetKit.framework; sourceTree = SDKROOT; };
		A900E2A43078DEEC0009B069 /* SwiftUI.framework */ = {isa = PBXFileReference; lastKnownFileType = wrapper.framework; name = SwiftUI.framework; path = System/Library/Frameworks/SwiftUI.framework; sourceTree = SDKROOT; };
		A900E2B63078DF560009B069 /* PlantAppWidgetExtension.entitlements */ = {isa = PBXFileReference; lastKnownFileType = text.plist.entitlements; path = PlantAppWidgetExtension.entitlements; sourceTree = "<group>"; };
		A900E2C83078EC6A0009B069 /* PlantAppShare.appex */ = {isa = PBXFileReference; explicitFileType = "wrapper.app-extension"; includeInIndex = 0; path = PlantAppShare.appex; sourceTree = BUILT_PRODUCTS_DIR; };
/* End PBXFileReference section */

/* Begin PBXFileSystemSynchronizedBuildFileExceptionSet section */
		A900E29A3078767B0009B069 /* Exceptions for "PlantApp" folder in "PlantApp" target */ = {
			isa = PBXFileSystemSynchronizedBuildFileExceptionSet;
			membershipExceptions = (
				Persistence/PlantApp.xcdatamodeld,
			);
			target = A900E1BC307602DA0009B069 /* PlantApp */;
		};
		A900E2B43078DEED0009B069 /* Exceptions for "PlantAppWidget" folder in "PlantAppWidgetExtension" target */ = {
			isa = PBXFileSystemSynchronizedBuildFileExceptionSet;
			membershipExceptions = (
				Info.plist,
			);
			target = A900E29F3078DEEC0009B069 /* PlantAppWidgetExtension */;
		};
		A900E2BC3078E3EA0009B069 /* Exceptions for "PlantApp" folder in "PlantAppWidgetExtension" target */ = {
			isa = PBXFileSystemSynchronizedBuildFileExceptionSet;
			membershipExceptions = (
				Models/ErrorPlant.swift,
				Models/PlantModel.swift,
				Models/WateringLogModel.swift,
				Persistence/PersistenceController.swift,
				Persistence/PlantApp.xcdatamodeld,
				Repositories/CoreRepo.swift,
				Repositories/PlantRepo.swift,
			);
			target = A900E29F3078DEEC0009B069 /* PlantAppWidgetExtension */;
		};
		A900E2D63078EC6B0009B069 /* Exceptions for "PlantAppShare" folder in "PlantAppShare" target */ = {
			isa = PBXFileSystemSynchronizedBuildFileExceptionSet;
			membershipExceptions = (
				Info.plist,
			);
			target = A900E2C73078EC6A0009B069 /* PlantAppShare */;
		};
/* End PBXFileSystemSynchronizedBuildFileExceptionSet section */

/* Begin PBXFileSystemSynchronizedRootGroup section */
		A900E1BF307602DA0009B069 /* PlantApp */ = {
			isa = PBXFileSystemSynchronizedRootGroup;
			exceptions = (
				A900E29A3078767B0009B069 /* Exceptions for "PlantApp" folder in "PlantApp" target */,
				A900E2BC3078E3EA0009B069 /* Exceptions for "PlantApp" folder in "PlantAppWidgetExtension" target */,
			);
			path = PlantApp;
			sourceTree = "<group>";
		};
		A900E1CD307602DB0009B069 /* PlantAppTests */ = {
			isa = PBXFileSystemSynchronizedRootGroup;
			path = PlantAppTests;
			sourceTree = "<group>";
		};
		A900E2A63078DEEC0009B069 /* PlantAppWidget */ = {
			isa = PBXFileSystemSynchronizedRootGroup;
			exceptions = (
				A900E2B43078DEED0009B069 /* Exceptions for "PlantAppWidget" folder in "PlantAppWidgetExtension" target */,
			);
			path = PlantAppWidget;
			sourceTree = "<group>";
		};
		A900E2C93078EC6A0009B069 /* PlantAppShare */ = {
			isa = PBXFileSystemSynchronizedRootGroup;
			exceptions = (
				A900E2D63078EC6B0009B069 /* Exceptions for "PlantAppShare" folder in "PlantAppShare" target */,
			);
			path = PlantAppShare;
			sourceTree = "<group>";
		};
/* End PBXFileSystemSynchronizedRootGroup section */

/* Begin PBXFrameworksBuildPhase section */
		A900E1BA307602DA0009B069 /* Frameworks */ = {
			isa = PBXFrameworksBuildPhase;
			buildActionMask = 2147483647;
			files = (
			);
			runOnlyForDeploymentPostprocessing = 0;
		};
		A900E1C7307602DB0009B069 /* Frameworks */ = {
			isa = PBXFrameworksBuildPhase;
			buildActionMask = 2147483647;
			files = (
			);
			runOnlyForDeploymentPostprocessing = 0;
		};
		A900E1D1307602DB0009B069 /* Frameworks */ = {
			isa = PBXFrameworksBuildPhase;
			buildActionMask = 2147483647;
			files = (
			);
			runOnlyForDeploymentPostprocessing = 0;
		};
		A900E29D3078DEEC0009B069 /* Frameworks */ = {
			isa = PBXFrameworksBuildPhase;
			buildActionMask = 2147483647;
			files = (
				A900E2A53078DEEC0009B069 /* SwiftUI.framework in Frameworks */,
				A900E2A33078DEEC0009B069 /* WidgetKit.framework in Frameworks */,
			);
			runOnlyForDeploymentPostprocessing = 0;
		};
		A900E2C53078EC6A0009B069 /* Frameworks */ = {
			isa = PBXFrameworksBuildPhase;
			buildActionMask = 2147483647;
			files = (
			);
			runOnlyForDeploymentPostprocessing = 0;
		};
/* End PBXFrameworksBuildPhase section */

/* Begin PBXGroup section */
		A900E1B4307602D90009B069 = {
			isa = PBXGroup;
			children = (
				A900E2B63078DF560009B069 /* PlantAppWidgetExtension.entitlements */,
				A900E1BF307602DA0009B069 /* PlantApp */,
				A900E1CD307602DB0009B069 /* PlantAppTests */,
				A900E2A63078DEEC0009B069 /* PlantAppWidget */,
				A900E2C93078EC6A0009B069 /* PlantAppShare */,
				A900E2A13078DEEC0009B069 /* Frameworks */,
				A900E1BE307602DA0009B069 /* Products */,
			);
			sourceTree = "<group>";
		};
		A900E1BE307602DA0009B069 /* Products */ = {
			isa = PBXGroup;
			children = (
				A900E1BD307602DA0009B069 /* PlantApp.app */,
				A900E1CA307602DB0009B069 /* PlantAppTests.xctest */,
				A900E1D4307602DB0009B069 /* PlantAppUITests.xctest */,
				A900E2A03078DEEC0009B069 /* PlantAppWidgetExtension.appex */,
				A900E2C83078EC6A0009B069 /* PlantAppShare.appex */,
			);
			name = Products;
			sourceTree = "<group>";
		};
		A900E2A13078DEEC0009B069 /* Frameworks */ = {
			isa = PBXGroup;
			children = (
				A900E2A23078DEEC0009B069 /* WidgetKit.framework */,
				A900E2A43078DEEC0009B069 /* SwiftUI.framework */,
			);
			name = Frameworks;
			sourceTree = "<group>";
		};
/* End PBXGroup section */

/* Begin PBXNativeTarget section */
		A900E1BC307602DA0009B069 /* PlantApp */ = {
			isa = PBXNativeTarget;
			buildConfigurationList = A900E1DE307602DB0009B069 /* Build configuration list for PBXNativeTarget "PlantApp" */;
			buildPhases = (
				A900E1B9307602DA0009B069 /* Sources */,
				A900E1BA307602DA0009B069 /* Frameworks */,
				A900E1BB307602DA0009B069 /* Resources */,
				A900E2B53078DEED0009B069 /* Embed Foundation Extensions */,
			);
			buildRules = (
			);
			dependencies = (
				A900E2AF3078DEED0009B069 /* PBXTargetDependency */,
				A900E2D13078EC6B0009B069 /* PBXTargetDependency */,
			);
			fileSystemSynchronizedGroups = (
				A900E1BF307602DA0009B069 /* PlantApp */,
			);
			name = PlantApp;
			packageProductDependencies = (
			);
			productName = PlantApp;
			productReference = A900E1BD307602DA0009B069 /* PlantApp.app */;
			productType = "com.apple.product-type.application";
		};
		A900E1C9307602DB0009B069 /* PlantAppTests */ = {
			isa = PBXNativeTarget;
			buildConfigurationList = A900E1E1307602DB0009B069 /* Build configuration list for PBXNativeTarget "PlantAppTests" */;
			buildPhases = (
				A900E1C6307602DB0009B069 /* Sources */,
				A900E1C7307602DB0009B069 /* Frameworks */,
				A900E1C8307602DB0009B069 /* Resources */,
			);
			buildRules = (
			);
			dependencies = (
				A900E1CC307602DB0009B069 /* PBXTargetDependency */,
			);
			fileSystemSynchronizedGroups = (
				A900E1CD307602DB0009B069 /* PlantAppTests */,
			);
			name = PlantAppTests;
			packageProductDependencies = (
			);
			productName = PlantAppTests;
			productReference = A900E1CA307602DB0009B069 /* PlantAppTests.xctest */;
			productType = "com.apple.product-type.bundle.unit-test";
		};
		A900E1D3307602DB0009B069 /* PlantAppUITests */ = {
			isa = PBXNativeTarget;
			buildConfigurationList = A900E1E4307602DB0009B069 /* Build configuration list for PBXNativeTarget "PlantAppUITests" */;
			buildPhases = (
				A900E1D0307602DB0009B069 /* Sources */,
				A900E1D1307602DB0009B069 /* Frameworks */,
				A900E1D2307602DB0009B069 /* Resources */,
			);
			buildRules = (
			);
			dependencies = (
				A900E1D6307602DB0009B069 /* PBXTargetDependency */,
			);
			name = PlantAppUITests;
			packageProductDependencies = (
			);
			productName = PlantAppUITests;
			productReference = A900E1D4307602DB0009B069 /* PlantAppUITests.xctest */;
			productType = "com.apple.product-type.bundle.ui-testing";
		};
		A900E29F3078DEEC0009B069 /* PlantAppWidgetExtension */ = {
			isa = PBXNativeTarget;
			buildConfigurationList = A900E2B13078DEED0009B069 /* Build configuration list for PBXNativeTarget "PlantAppWidgetExtension" */;
			buildPhases = (
				A900E29C3078DEEC0009B069 /* Sources */,
				A900E29D3078DEEC0009B069 /* Frameworks */,
				A900E29E3078DEEC0009B069 /* Resources */,
			);
			buildRules = (
			);
			dependencies = (
			);
			fileSystemSynchronizedGroups = (
				A900E2A63078DEEC0009B069 /* PlantAppWidget */,
			);
			name = PlantAppWidgetExtension;
			packageProductDependencies = (
			);
			productName = PlantAppWidgetExtension;
			productReference = A900E2A03078DEEC0009B069 /* PlantAppWidgetExtension.appex */;
			productType = "com.apple.product-type.app-extension";
		};
		A900E2C73078EC6A0009B069 /* PlantAppShare */ = {
			isa = PBXNativeTarget;
			buildConfigurationList = A900E2D33078EC6B0009B069 /* Build configuration list for PBXNativeTarget "PlantAppShare" */;
			buildPhases = (
				A900E2C43078EC6A0009B069 /* Sources */,
				A900E2C53078EC6A0009B069 /* Frameworks */,
				A900E2C63078EC6A0009B069 /* Resources */,
			);
			buildRules = (
			);
			dependencies = (
			);
			fileSystemSynchronizedGroups = (
				A900E2C93078EC6A0009B069 /* PlantAppShare */,
			);
			name = PlantAppShare;
			packageProductDependencies = (
			);
			productName = PlantAppShare;
			productReference = A900E2C83078EC6A0009B069 /* PlantAppShare.appex */;
			productType = "com.apple.product-type.app-extension";
		};
/* End PBXNativeTarget section */

/* Begin PBXProject section */
		A900E1B5307602D90009B069 /* Project object */ = {
			isa = PBXProject;
			attributes = {
				BuildIndependentTargetsInParallel = 1;
				LastSwiftUpdateCheck = 2660;
				LastUpgradeCheck = 2660;
				TargetAttributes = {
					A900E1BC307602DA0009B069 = {
						CreatedOnToolsVersion = 26.6;
					};
					A900E1C9307602DB0009B069 = {
						CreatedOnToolsVersion = 26.6;
						TestTargetID = A900E1BC307602DA0009B069;
					};
					A900E1D3307602DB0009B069 = {
						CreatedOnToolsVersion = 26.6;
						TestTargetID = A900E1BC307602DA0009B069;
					};
					A900E29F3078DEEC0009B069 = {
						CreatedOnToolsVersion = 26.6;
						LastSwiftMigration = 2660;
					};
					A900E2C73078EC6A0009B069 = {
						CreatedOnToolsVersion = 26.6;
					};
				};
			};
			buildConfigurationList = A900E1B8307602D90009B069 /* Build configuration list for PBXProject "PlantApp" */;
			developmentRegion = en;
			hasScannedForEncodings = 0;
			knownRegions = (
				en,
				Base,
			);
			mainGroup = A900E1B4307602D90009B069;
			minimizedProjectReferenceProxies = 1;
			preferredProjectObjectVersion = 77;
			productRefGroup = A900E1BE307602DA0009B069 /* Products */;
			projectDirPath = "";
			projectRoot = "";
			targets = (
				A900E1BC307602DA0009B069 /* PlantApp */,
				A900E1C9307602DB0009B069 /* PlantAppTests */,
				A900E1D3307602DB0009B069 /* PlantAppUITests */,
				A900E29F3078DEEC0009B069 /* PlantAppWidgetExtension */,
				A900E2C73078EC6A0009B069 /* PlantAppShare */,
			);
		};
/* End PBXProject section */

/* Begin PBXResourcesBuildPhase section */
		A900E1BB307602DA0009B069 /* Resources */ = {
			isa = PBXResourcesBuildPhase;
			buildActionMask = 2147483647;
			files = (
			);
			runOnlyForDeploymentPostprocessing = 0;
		};
		A900E1C8307602DB0009B069 /* Resources */ = {
			isa = PBXResourcesBuildPhase;
			buildActionMask = 2147483647;
			files = (
			);
			runOnlyForDeploymentPostprocessing = 0;
		};
		A900E1D2307602DB0009B069 /* Resources */ = {
			isa = PBXResourcesBuildPhase;
			buildActionMask = 2147483647;
			files = (
			);
			runOnlyForDeploymentPostprocessing = 0;
		};
		A900E29E3078DEEC0009B069 /* Resources */ = {
			isa = PBXResourcesBuildPhase;
			buildActionMask = 2147483647;
			files = (
			);
			runOnlyForDeploymentPostprocessing = 0;
		};
		A900E2C63078EC6A0009B069 /* Resources */ = {
			isa = PBXResourcesBuildPhase;
			buildActionMask = 2147483647;
			files = (
			);
			runOnlyForDeploymentPostprocessing = 0;
		};
/* End PBXResourcesBuildPhase section */

/* Begin PBXSourcesBuildPhase section */
		A900E1B9307602DA0009B069 /* Sources */ = {
			isa = PBXSourcesBuildPhase;
			buildActionMask = 2147483647;
			files = (
			);
			runOnlyForDeploymentPostprocessing = 0;
		};
		A900E1C6307602DB0009B069 /* Sources */ = {
			isa = PBXSourcesBuildPhase;
			buildActionMask = 2147483647;
			files = (
			);
			runOnlyForDeploymentPostprocessing = 0;
		};
		A900E1D0307602DB0009B069 /* Sources */ = {
			isa = PBXSourcesBuildPhase;
			buildActionMask = 2147483647;
			files = (
			);
			runOnlyForDeploymentPostprocessing = 0;
		};
		A900E29C3078DEEC0009B069 /* Sources */ = {
			isa = PBXSourcesBuildPhase;
			buildActionMask = 2147483647;
			files = (
			);
			runOnlyForDeploymentPostprocessing = 0;
		};
		A900E2C43078EC6A0009B069 /* Sources */ = {
			isa = PBXSourcesBuildPhase;
			buildActionMask = 2147483647;
			files = (
			);
			runOnlyForDeploymentPostprocessing = 0;
		};
/* End PBXSourcesBuildPhase section */

/* Begin PBXTargetDependency section */
		A900E1CC307602DB0009B069 /* PBXTargetDependency */ = {
			isa = PBXTargetDependency;
			target = A900E1BC307602DA0009B069 /* PlantApp */;
			targetProxy = A900E1CB307602DB0009B069 /* PBXContainerItemProxy */;
		};
		A900E1D6307602DB0009B069 /* PBXTargetDependency */ = {
			isa = PBXTargetDependency;
			target = A900E1BC307602DA0009B069 /* PlantApp */;
			targetProxy = A900E1D5307602DB0009B069 /* PBXContainerItemProxy */;
		};
		A900E2AF3078DEED0009B069 /* PBXTargetDependency */ = {
			isa = PBXTargetDependency;
			target = A900E29F3078DEEC0009B069 /* PlantAppWidgetExtension */;
			targetProxy = A900E2AE3078DEED0009B069 /* PBXContainerItemProxy */;
		};
		A900E2D13078EC6B0009B069 /* PBXTargetDependency */ = {
			isa = PBXTargetDependency;
			target = A900E2C73078EC6A0009B069 /* PlantAppShare */;
			targetProxy = A900E2D03078EC6B0009B069 /* PBXContainerItemProxy */;
		};
/* End PBXTargetDependency section */

/* Begin XCBuildConfiguration section */
		A900E1DC307602DB0009B069 /* Debug */ = {
			isa = XCBuildConfiguration;
			buildSettings = {
				ALWAYS_SEARCH_USER_PATHS = NO;
				ASSETCATALOG_COMPILER_GENERATE_SWIFT_ASSET_SYMBOL_EXTENSIONS = YES;
				CLANG_ANALYZER_NONNULL = YES;
				CLANG_ANALYZER_NUMBER_OBJECT_CONVERSION = YES_AGGRESSIVE;
				CLANG_CXX_LANGUAGE_STANDARD = "gnu++20";
				CLANG_ENABLE_MODULES = YES;
				CLANG_ENABLE_OBJC_ARC = YES;
				CLANG_ENABLE_OBJC_WEAK = YES;
				CLANG_WARN_BLOCK_CAPTURE_AUTORELEASING = YES;
				CLANG_WARN_BOOL_CONVERSION = YES;
				CLANG_WARN_COMMA = YES;
				CLANG_WARN_CONSTANT_CONVERSION = YES;
				CLANG_WARN_DEPRECATED_OBJC_IMPLEMENTATIONS = YES;
				CLANG_WARN_DIRECT_OBJC_ISA_USAGE = YES_ERROR;
				CLANG_WARN_DOCUMENTATION_COMMENTS = YES;
				CLANG_WARN_EMPTY_BODY = YES;
				CLANG_WARN_ENUM_CONVERSION = YES;
				CLANG_WARN_INFINITE_RECURSION = YES;
				CLANG_WARN_INT_CONVERSION = YES;
				CLANG_WARN_NON_LITERAL_NULL_CONVERSION = YES;
				CLANG_WARN_OBJC_IMPLICIT_RETAIN_SELF = YES;
				CLANG_WARN_OBJC_LITERAL_CONVERSION = YES;
				CLANG_WARN_OBJC_ROOT_CLASS = YES_ERROR;
				CLANG_WARN_QUOTED_INCLUDE_IN_FRAMEWORK_HEADER = YES;
				CLANG_WARN_RANGE_LOOP_ANALYSIS = YES;
				CLANG_WARN_STRICT_PROTOTYPES = YES;
				CLANG_WARN_SUSPICIOUS_MOVE = YES;
				CLANG_WARN_UNGUARDED_AVAILABILITY = YES_AGGRESSIVE;
				CLANG_WARN_UNREACHABLE_CODE = YES;
				CLANG_WARN__DUPLICATE_METHOD_MATCH = YES;
				COPY_PHASE_STRIP = NO;
				DEBUG_INFORMATION_FORMAT = dwarf;
				DEVELOPMENT_TEAM = VR463THJRY;
				ENABLE_STRICT_OBJC_MSGSEND = YES;
				ENABLE_TESTABILITY = YES;
				ENABLE_USER_SCRIPT_SANDBOXING = YES;
				GCC_C_LANGUAGE_STANDARD = gnu17;
				GCC_DYNAMIC_NO_PIC = NO;
				GCC_NO_COMMON_BLOCKS = YES;
				GCC_OPTIMIZATION_LEVEL = 0;
				GCC_PREPROCESSOR_DEFINITIONS = (
					"DEBUG=1",
					"$(inherited)",
				);
				GCC_WARN_64_TO_32_BIT_CONVERSION = YES;
				GCC_WARN_ABOUT_RETURN_TYPE = YES_ERROR;
				GCC_WARN_UNDECLARED_SELECTOR = YES;
				GCC_WARN_UNINITIALIZED_AUTOS = YES_AGGRESSIVE;
				GCC_WARN_UNUSED_FUNCTION = YES;
				GCC_WARN_UNUSED_VARIABLE = YES;
				IPHONEOS_DEPLOYMENT_TARGET = 26.5;
				LOCALIZATION_PREFERS_STRING_CATALOGS = YES;
				MTL_ENABLE_DEBUG_INFO = INCLUDE_SOURCE;
				MTL_FAST_MATH = YES;
				ONLY_ACTIVE_ARCH = YES;
				SDKROOT = iphoneos;
				SWIFT_ACTIVE_COMPILATION_CONDITIONS = "DEBUG $(inherited)";
				SWIFT_OPTIMIZATION_LEVEL = "-Onone";
			};
			name = Debug;
		};
		A900E1DD307602DB0009B069 /* Release */ = {
			isa = XCBuildConfiguration;
			buildSettings = {
				ALWAYS_SEARCH_USER_PATHS = NO;
				ASSETCATALOG_COMPILER_GENERATE_SWIFT_ASSET_SYMBOL_EXTENSIONS = YES;
				CLANG_ANALYZER_NONNULL = YES;
				CLANG_ANALYZER_NUMBER_OBJECT_CONVERSION = YES_AGGRESSIVE;
				CLANG_CXX_LANGUAGE_STANDARD = "gnu++20";
				CLANG_ENABLE_MODULES = YES;
				CLANG_ENABLE_OBJC_ARC = YES;
				CLANG_ENABLE_OBJC_WEAK = YES;
				CLANG_WARN_BLOCK_CAPTURE_AUTORELEASING = YES;
				CLANG_WARN_BOOL_CONVERSION = YES;
				CLANG_WARN_COMMA = YES;
				CLANG_WARN_CONSTANT_CONVERSION = YES;
				CLANG_WARN_DEPRECATED_OBJC_IMPLEMENTATIONS = YES;
				CLANG_WARN_DIRECT_OBJC_ISA_USAGE = YES_ERROR;
				CLANG_WARN_DOCUMENTATION_COMMENTS = YES;
				CLANG_WARN_EMPTY_BODY = YES;
				CLANG_WARN_ENUM_CONVERSION = YES;
				CLANG_WARN_INFINITE_RECURSION = YES;
				CLANG_WARN_INT_CONVERSION = YES;
				CLANG_WARN_NON_LITERAL_NULL_CONVERSION = YES;
				CLANG_WARN_OBJC_IMPLICIT_RETAIN_SELF = YES;
				CLANG_WARN_OBJC_LITERAL_CONVERSION = YES;
				CLANG_WARN_OBJC_ROOT_CLASS = YES_ERROR;
				CLANG_WARN_QUOTED_INCLUDE_IN_FRAMEWORK_HEADER = YES;
				CLANG_WARN_RANGE_LOOP_ANALYSIS = YES;
				CLANG_WARN_STRICT_PROTOTYPES = YES;
				CLANG_WARN_SUSPICIOUS_MOVE = YES;
				CLANG_WARN_UNGUARDED_AVAILABILITY = YES_AGGRESSIVE;
				CLANG_WARN_UNREACHABLE_CODE = YES;
				CLANG_WARN__DUPLICATE_METHOD_MATCH = YES;
				COPY_PHASE_STRIP = NO;
				DEBUG_INFORMATION_FORMAT = "dwarf-with-dsym";
				DEVELOPMENT_TEAM = VR463THJRY;
				ENABLE_NS_ASSERTIONS = NO;
				ENABLE_STRICT_OBJC_MSGSEND = YES;
				ENABLE_USER_SCRIPT_SANDBOXING = YES;
				GCC_C_LANGUAGE_STANDARD = gnu17;
				GCC_NO_COMMON_BLOCKS = YES;
				GCC_WARN_64_TO_32_BIT_CONVERSION = YES;
				GCC_WARN_ABOUT_RETURN_TYPE = YES_ERROR;
				GCC_WARN_UNDECLARED_SELECTOR = YES;
				GCC_WARN_UNINITIALIZED_AUTOS = YES_AGGRESSIVE;
				GCC_WARN_UNUSED_FUNCTION = YES;
				GCC_WARN_UNUSED_VARIABLE = YES;
				IPHONEOS_DEPLOYMENT_TARGET = 26.5;
				LOCALIZATION_PREFERS_STRING_CATALOGS = YES;
				MTL_ENABLE_DEBUG_INFO = NO;
				MTL_FAST_MATH = YES;
				SDKROOT = iphoneos;
				SWIFT_COMPILATION_MODE = wholemodule;
				VALIDATE_PRODUCT = YES;
			};
			name = Release;
		};
		A900E1DF307602DB0009B069 /* Debug */ = {
			isa = XCBuildConfiguration;
			buildSettings = {
				ASSETCATALOG_COMPILER_APPICON_NAME = AppIcon;
				ASSETCATALOG_COMPILER_GLOBAL_ACCENT_COLOR_NAME = AccentColor;
				CODE_SIGN_ENTITLEMENTS = PlantApp/PlantApp.entitlements;
				CODE_SIGN_IDENTITY = "Apple Development";
				CODE_SIGN_STYLE = Automatic;
				CURRENT_PROJECT_VERSION = 1;
				DEVELOPMENT_TEAM = VR463THJRY;
				ENABLE_PREVIEWS = YES;
				GENERATE_INFOPLIST_FILE = YES;
				INFOPLIST_KEY_UIApplicationSceneManifest_Generation = YES;
				INFOPLIST_KEY_UIApplicationSupportsIndirectInputEvents = YES;
				INFOPLIST_KEY_UILaunchScreen_Generation = YES;
				INFOPLIST_KEY_UISupportedInterfaceOrientations_iPad = "UIInterfaceOrientationPortrait UIInterfaceOrientationPortraitUpsideDown UIInterfaceOrientationLandscapeLeft UIInterfaceOrientationLandscapeRight";
				INFOPLIST_KEY_UISupportedInterfaceOrientations_iPhone = "UIInterfaceOrientationPortrait UIInterfaceOrientationLandscapeLeft UIInterfaceOrientationLandscapeRight";
				LD_RUNPATH_SEARCH_PATHS = (
					"$(inherited)",
					"@executable_path/Frameworks",
				);
				MARKETING_VERSION = 1.0;
				PRODUCT_BUNDLE_IDENTIFIER = com.alikorgun.plant.2026;
				PRODUCT_NAME = "$(TARGET_NAME)";
				PROVISIONING_PROFILE_SPECIFIER = "";
				STRING_CATALOG_GENERATE_SYMBOLS = YES;
				SWIFT_APPROACHABLE_CONCURRENCY = YES;
				SWIFT_DEFAULT_ACTOR_ISOLATION = MainActor;
				SWIFT_EMIT_LOC_STRINGS = YES;
				SWIFT_UPCOMING_FEATURE_MEMBER_IMPORT_VISIBILITY = YES;
				SWIFT_VERSION = 5.0;
				TARGETED_DEVICE_FAMILY = "1,2";
			};
			name = Debug;
		};
		A900E1E0307602DB0009B069 /* Release */ = {
			isa = XCBuildConfiguration;
			buildSettings = {
				ASSETCATALOG_COMPILER_APPICON_NAME = AppIcon;
				ASSETCATALOG_COMPILER_GLOBAL_ACCENT_COLOR_NAME = AccentColor;
				CODE_SIGN_ENTITLEMENTS = PlantApp/PlantApp.entitlements;
				CODE_SIGN_IDENTITY = "Apple Development";
				CODE_SIGN_STYLE = Automatic;
				CURRENT_PROJECT_VERSION = 1;
				DEVELOPMENT_TEAM = VR463THJRY;
				ENABLE_PREVIEWS = YES;
				GENERATE_INFOPLIST_FILE = YES;
				INFOPLIST_KEY_UIApplicationSceneManifest_Generation = YES;
				INFOPLIST_KEY_UIApplicationSupportsIndirectInputEvents = YES;
				INFOPLIST_KEY_UILaunchScreen_Generation = YES;
				INFOPLIST_KEY_UISupportedInterfaceOrientations_iPad = "UIInterfaceOrientationPortrait UIInterfaceOrientationPortraitUpsideDown UIInterfaceOrientationLandscapeLeft UIInterfaceOrientationLandscapeRight";
				INFOPLIST_KEY_UISupportedInterfaceOrientations_iPhone = "UIInterfaceOrientationPortrait UIInterfaceOrientationLandscapeLeft UIInterfaceOrientationLandscapeRight";
				LD_RUNPATH_SEARCH_PATHS = (
					"$(inherited)",
					"@executable_path/Frameworks",
				);
				MARKETING_VERSION = 1.0;
				PRODUCT_BUNDLE_IDENTIFIER = com.alikorgun.plant.2026;
				PRODUCT_NAME = "$(TARGET_NAME)";
				PROVISIONING_PROFILE_SPECIFIER = "";
				STRING_CATALOG_GENERATE_SYMBOLS = YES;
				SWIFT_APPROACHABLE_CONCURRENCY = YES;
				SWIFT_DEFAULT_ACTOR_ISOLATION = MainActor;
				SWIFT_EMIT_LOC_STRINGS = YES;
				SWIFT_UPCOMING_FEATURE_MEMBER_IMPORT_VISIBILITY = YES;
				SWIFT_VERSION = 5.0;
				TARGETED_DEVICE_FAMILY = "1,2";
			};
			name = Release;
		};
		A900E1E2307602DB0009B069 /* Debug */ = {
			isa = XCBuildConfiguration;
			buildSettings = {
				BUNDLE_LOADER = "$(TEST_HOST)";
				CODE_SIGN_STYLE = Automatic;
				CURRENT_PROJECT_VERSION = 1;
				DEVELOPMENT_TEAM = VR463THJRY;
				GENERATE_INFOPLIST_FILE = YES;
				IPHONEOS_DEPLOYMENT_TARGET = 26.5;
				MARKETING_VERSION = 1.0;
				PRODUCT_BUNDLE_IDENTIFIER = com.alikorgun.PlantAppTests;
				PRODUCT_NAME = "$(TARGET_NAME)";
				STRING_CATALOG_GENERATE_SYMBOLS = NO;
				SWIFT_APPROACHABLE_CONCURRENCY = YES;
				SWIFT_EMIT_LOC_STRINGS = NO;
				SWIFT_UPCOMING_FEATURE_MEMBER_IMPORT_VISIBILITY = YES;
				SWIFT_VERSION = 5.0;
				TARGETED_DEVICE_FAMILY = "1,2";
				TEST_HOST = "$(BUILT_PRODUCTS_DIR)/PlantApp.app/$(BUNDLE_EXECUTABLE_FOLDER_PATH)/PlantApp";
			};
			name = Debug;
		};
		A900E1E3307602DB0009B069 /* Release */ = {
			isa = XCBuildConfiguration;
			buildSettings = {
				BUNDLE_LOADER = "$(TEST_HOST)";
				CODE_SIGN_STYLE = Automatic;
				CURRENT_PROJECT_VERSION = 1;
				DEVELOPMENT_TEAM = VR463THJRY;
				GENERATE_INFOPLIST_FILE = YES;
				IPHONEOS_DEPLOYMENT_TARGET = 26.5;
				MARKETING_VERSION = 1.0;
				PRODUCT_BUNDLE_IDENTIFIER = com.alikorgun.PlantAppTests;
				PRODUCT_NAME = "$(TARGET_NAME)";
				STRING_CATALOG_GENERATE_SYMBOLS = NO;
				SWIFT_APPROACHABLE_CONCURRENCY = YES;
				SWIFT_EMIT_LOC_STRINGS = NO;
				SWIFT_UPCOMING_FEATURE_MEMBER_IMPORT_VISIBILITY = YES;
				SWIFT_VERSION = 5.0;
				TARGETED_DEVICE_FAMILY = "1,2";
				TEST_HOST = "$(BUILT_PRODUCTS_DIR)/PlantApp.app/$(BUNDLE_EXECUTABLE_FOLDER_PATH)/PlantApp";
			};
			name = Release;
		};
		A900E1E5307602DB0009B069 /* Debug */ = {
			isa = XCBuildConfiguration;
			buildSettings = {
				CODE_SIGN_STYLE = Automatic;
				CURRENT_PROJECT_VERSION = 1;
				DEVELOPMENT_TEAM = VR463THJRY;
				GENERATE_INFOPLIST_FILE = YES;
				MARKETING_VERSION = 1.0;
				PRODUCT_BUNDLE_IDENTIFIER = com.alikorgun.PlantAppUITests;
				PRODUCT_NAME = "$(TARGET_NAME)";
				STRING_CATALOG_GENERATE_SYMBOLS = NO;
				SWIFT_APPROACHABLE_CONCURRENCY = YES;
				SWIFT_EMIT_LOC_STRINGS = NO;
				SWIFT_UPCOMING_FEATURE_MEMBER_IMPORT_VISIBILITY = YES;
				SWIFT_VERSION = 5.0;
				TARGETED_DEVICE_FAMILY = "1,2";
				TEST_TARGET_NAME = PlantApp;
			};
			name = Debug;
		};
		A900E1E6307602DB0009B069 /* Release */ = {
			isa = XCBuildConfiguration;
			buildSettings = {
				CODE_SIGN_STYLE = Automatic;
				CURRENT_PROJECT_VERSION = 1;
				DEVELOPMENT_TEAM = VR463THJRY;
				GENERATE_INFOPLIST_FILE = YES;
				MARKETING_VERSION = 1.0;
				PRODUCT_BUNDLE_IDENTIFIER = com.alikorgun.PlantAppUITests;
				PRODUCT_NAME = "$(TARGET_NAME)";
				STRING_CATALOG_GENERATE_SYMBOLS = NO;
				SWIFT_APPROACHABLE_CONCURRENCY = YES;
				SWIFT_EMIT_LOC_STRINGS = NO;
				SWIFT_UPCOMING_FEATURE_MEMBER_IMPORT_VISIBILITY = YES;
				SWIFT_VERSION = 5.0;
				TARGETED_DEVICE_FAMILY = "1,2";
				TEST_TARGET_NAME = PlantApp;
			};
			name = Release;
		};
		A900E2B23078DEED0009B069 /* Debug */ = {
			isa = XCBuildConfiguration;
			buildSettings = {
				ASSETCATALOG_COMPILER_GLOBAL_ACCENT_COLOR_NAME = AccentColor;
				ASSETCATALOG_COMPILER_WIDGET_BACKGROUND_COLOR_NAME = WidgetBackground;
				CLANG_ENABLE_MODULES = YES;
				CODE_SIGN_ENTITLEMENTS = PlantAppWidgetExtension.entitlements;
				CODE_SIGN_IDENTITY = "Apple Development";
				CODE_SIGN_STYLE = Automatic;
				CURRENT_PROJECT_VERSION = 1;
				DEVELOPMENT_TEAM = VR463THJRY;
				GENERATE_INFOPLIST_FILE = YES;
				INFOPLIST_FILE = PlantAppWidget/Info.plist;
				INFOPLIST_KEY_CFBundleDisplayName = PlantAppWidget;
				INFOPLIST_KEY_NSHumanReadableCopyright = "";
				LD_RUNPATH_SEARCH_PATHS = (
					"$(inherited)",
					"@executable_path/Frameworks",
					"@executable_path/../../Frameworks",
				);
				MARKETING_VERSION = 1.0;
				PRODUCT_BUNDLE_IDENTIFIER = com.alikorgun.plant.2026.PlantAppWidget;
				PRODUCT_NAME = "$(TARGET_NAME)";
				SKIP_INSTALL = YES;
				STRING_CATALOG_GENERATE_SYMBOLS = YES;
				SWIFT_APPROACHABLE_CONCURRENCY = YES;
				SWIFT_EMIT_LOC_STRINGS = YES;
				SWIFT_OPTIMIZATION_LEVEL = "-Onone";
				SWIFT_UPCOMING_FEATURE_MEMBER_IMPORT_VISIBILITY = YES;
				SWIFT_VERSION = 5.0;
				TARGETED_DEVICE_FAMILY = "1,2";
			};
			name = Debug;
		};
		A900E2B33078DEED0009B069 /* Release */ = {
			isa = XCBuildConfiguration;
			buildSettings = {
				ASSETCATALOG_COMPILER_GLOBAL_ACCENT_COLOR_NAME = AccentColor;
				ASSETCATALOG_COMPILER_WIDGET_BACKGROUND_COLOR_NAME = WidgetBackground;
				CLANG_ENABLE_MODULES = YES;
				CODE_SIGN_ENTITLEMENTS = PlantAppWidgetExtension.entitlements;
				CODE_SIGN_IDENTITY = "Apple Development";
				CODE_SIGN_STYLE = Automatic;
				CURRENT_PROJECT_VERSION = 1;
				DEVELOPMENT_TEAM = VR463THJRY;
				GENERATE_INFOPLIST_FILE = YES;
				INFOPLIST_FILE = PlantAppWidget/Info.plist;
				INFOPLIST_KEY_CFBundleDisplayName = PlantAppWidget;
				INFOPLIST_KEY_NSHumanReadableCopyright = "";
				LD_RUNPATH_SEARCH_PATHS = (
					"$(inherited)",
					"@executable_path/Frameworks",
					"@executable_path/../../Frameworks",
				);
				MARKETING_VERSION = 1.0;
				PRODUCT_BUNDLE_IDENTIFIER = com.alikorgun.plant.2026.PlantAppWidget;
				PRODUCT_NAME = "$(TARGET_NAME)";
				SKIP_INSTALL = YES;
				STRING_CATALOG_GENERATE_SYMBOLS = YES;
				SWIFT_APPROACHABLE_CONCURRENCY = YES;
				SWIFT_EMIT_LOC_STRINGS = YES;
				SWIFT_UPCOMING_FEATURE_MEMBER_IMPORT_VISIBILITY = YES;
				SWIFT_VERSION = 5.0;
				TARGETED_DEVICE_FAMILY = "1,2";
			};
			name = Release;
		};
		A900E2D43078EC6B0009B069 /* Debug */ = {
			isa = XCBuildConfiguration;
			buildSettings = {
				CODE_SIGN_IDENTITY = "Apple Development";
				CODE_SIGN_STYLE = Automatic;
				CURRENT_PROJECT_VERSION = 1;
				DEVELOPMENT_TEAM = VR463THJRY;
				GENERATE_INFOPLIST_FILE = YES;
				INFOPLIST_FILE = PlantAppShare/Info.plist;
				INFOPLIST_KEY_CFBundleDisplayName = PlantAppShare;
				INFOPLIST_KEY_NSHumanReadableCopyright = "";
				LD_RUNPATH_SEARCH_PATHS = (
					"$(inherited)",
					"@executable_path/Frameworks",
					"@executable_path/../../Frameworks",
				);
				MARKETING_VERSION = 1.0;
				PRODUCT_BUNDLE_IDENTIFIER = com.alikorgun.plant.2026.PlantAppShare;
				PRODUCT_NAME = "$(TARGET_NAME)";
				SKIP_INSTALL = YES;
				STRING_CATALOG_GENERATE_SYMBOLS = YES;
				SWIFT_APPROACHABLE_CONCURRENCY = YES;
				SWIFT_EMIT_LOC_STRINGS = YES;
				SWIFT_UPCOMING_FEATURE_MEMBER_IMPORT_VISIBILITY = YES;
				SWIFT_VERSION = 5.0;
				TARGETED_DEVICE_FAMILY = "1,2";
			};
			name = Debug;
		};
		A900E2D53078EC6B0009B069 /* Release */ = {
			isa = XCBuildConfiguration;
			buildSettings = {
				CODE_SIGN_IDENTITY = "Apple Development";
				CODE_SIGN_STYLE = Automatic;
				CURRENT_PROJECT_VERSION = 1;
				DEVELOPMENT_TEAM = VR463THJRY;
				GENERATE_INFOPLIST_FILE = YES;
				INFOPLIST_FILE = PlantAppShare/Info.plist;
				INFOPLIST_KEY_CFBundleDisplayName = PlantAppShare;
				INFOPLIST_KEY_NSHumanReadableCopyright = "";
				LD_RUNPATH_SEARCH_PATHS = (
					"$(inherited)",
					"@executable_path/Frameworks",
					"@executable_path/../../Frameworks",
				);
				MARKETING_VERSION = 1.0;
				PRODUCT_BUNDLE_IDENTIFIER = com.alikorgun.plant.2026.PlantAppShare;
				PRODUCT_NAME = "$(TARGET_NAME)";
				SKIP_INSTALL = YES;
				STRING_CATALOG_GENERATE_SYMBOLS = YES;
				SWIFT_APPROACHABLE_CONCURRENCY = YES;
				SWIFT_EMIT_LOC_STRINGS = YES;
				SWIFT_UPCOMING_FEATURE_MEMBER_IMPORT_VISIBILITY = YES;
				SWIFT_VERSION = 5.0;
				TARGETED_DEVICE_FAMILY = "1,2";
			};
			name = Release;
		};
/* End XCBuildConfiguration section */

/* Begin XCConfigurationList section */
		A900E1B8307602D90009B069 /* Build configuration list for PBXProject "PlantApp" */ = {
			isa = XCConfigurationList;
			buildConfigurations = (
				A900E1DC307602DB0009B069 /* Debug */,
				A900E1DD307602DB0009B069 /* Release */,
			);
			defaultConfigurationIsVisible = 0;
			defaultConfigurationName = Release;
		};
		A900E1DE307602DB0009B069 /* Build configuration list for PBXNativeTarget "PlantApp" */ = {
			isa = XCConfigurationList;
			buildConfigurations = (
				A900E1DF307602DB0009B069 /* Debug */,
				A900E1E0307602DB0009B069 /* Release */,
			);
			defaultConfigurationIsVisible = 0;
			defaultConfigurationName = Release;
		};
		A900E1E1307602DB0009B069 /* Build configuration list for PBXNativeTarget "PlantAppTests" */ = {
			isa = XCConfigurationList;
			buildConfigurations = (
				A900E1E2307602DB0009B069 /* Debug */,
				A900E1E3307602DB0009B069 /* Release */,
			);
			defaultConfigurationIsVisible = 0;
			defaultConfigurationName = Release;
		};
		A900E1E4307602DB0009B069 /* Build configuration list for PBXNativeTarget "PlantAppUITests" */ = {
			isa = XCConfigurationList;
			buildConfigurations = (
				A900E1E5307602DB0009B069 /* Debug */,
				A900E1E6307602DB0009B069 /* Release */,
			);
			defaultConfigurationIsVisible = 0;
			defaultConfigurationName = Release;
		};
		A900E2B13078DEED0009B069 /* Build configuration list for PBXNativeTarget "PlantAppWidgetExtension" */ = {
			isa = XCConfigurationList;
			buildConfigurations = (
				A900E2B23078DEED0009B069 /* Debug */,
				A900E2B33078DEED0009B069 /* Release */,
			);
			defaultConfigurationIsVisible = 0;
			defaultConfigurationName = Release;
		};
		A900E2D33078EC6B0009B069 /* Build configuration list for PBXNativeTarget "PlantAppShare" */ = {
			isa = XCConfigurationList;
			buildConfigurations = (
				A900E2D43078EC6B0009B069 /* Debug */,
				A900E2D53078EC6B0009B069 /* Release */,
			);
			defaultConfigurationIsVisible = 0;
			defaultConfigurationName = Release;
		};
/* End XCConfigurationList section */
	};
	rootObject = A900E1B5307602D90009B069 /* Project object */;
}
